// !$*UTF8*$!
{
	archiveVersion = 1;
	classes = {
	};
	objectVersion = 50;
	objects = {

/* Begin PBXBuildFile section */
		97FDB25C25C4B3E7005AEF6F /* AppDelegate.swift in Sources */ = {isa = PBXBuildFile; fileRef = 97FDB25B25C4B3E7005AEF6F /* AppDelegate.swift */; };
		97FDB25E25C4B3E7005AEF6F /* SceneDelegate.swift in Sources */ = {isa = PBXBuildFile; fileRef = 97FDB25D25C4B3E7005AEF6F /* SceneDelegate.swift */; };
		97FDB26025C4B3E7005AEF6F /* ViewController.swift in Sources */ = {isa = PBXBuildFile; fileRef = 97FDB25F25C4B3E7005AEF6F /* ViewController.swift */; };
		97FDB26325C4B3E7005AEF6F /* Main.storyboard in Resources */ = {isa = PBXBuildFile; fileRef = 97FDB26125C4B3E7005AEF6F /* Main.storyboard */; };
		97FDB26525C4B3E8005AEF6F /* Assets.xcassets in Resources */ = {isa = PBXBuildFile; fileRef = 97FDB26425C4B3E8005AEF6F /* Assets.xcassets */; };
		97FDB26825C4B3E8005AEF6F /* LaunchScreen.storyboard in Resources */ = {isa = PBXBuildFile; fileRef = 97FDB26625C4B3E8005AEF6F /* LaunchScreen.storyboard */; };
/* End PBXBuildFile section */

/* Begin PBXFileReference section */
		97FDB25825C4B3E7005AEF6F /* CCurrency.app */ = {isa = PBXFileReference; explicitFileType = wrapper.application; includeInIndex = 0; path = CCurrency.app; sourceTree = BUILT_PRODUCTS_DIR; };
		97FDB25B25C4B3E7005AEF6F /* AppDelegate.swift */ = {isa = PBXFileReference; lastKnownFileType = sourcecode.swift; path = AppDelegate.swift; sourceTree = "<group>"; };
		97FDB25D25C4B3E7005AEF6F /* SceneDelegate.swift */ = {isa = PBXFileReference; lastKnownFileType = sourcecode.swift; path = SceneDelegate.swift; sourceTree = "<group>"; };
		97FDB25F25C4B3E7005AEF6F /* ViewController.swift */ = {isa = PBXFileReference; lastKnownFileType = sourcecode.swift; path = ViewController.swift; sourceTree = "<group>"; };
		97FDB26225C4B3E7005AEF6F /* Base */ = {isa = PBXFileReference; lastKnownFileType = file.storyboard; name = Base; path = Base.lproj/Main.storyboard; sourceTree = "<group>"; };
		97FDB26425C4B3E8005AEF6F /* Assets.xcassets */ = {isa = PBXFileReference; lastKnownFileType = folder.assetcatalog; path = Assets.xcassets; sourceTree = "<group>"; };
		97FDB26725C4B3E8005AEF6F /* Base */ = {isa = PBXFileReference; lastKnownFileType = file.storyboard; name = Base; path = Base.lproj/LaunchScreen.storyboard; sourceTree = "<group>"; };
		97FDB26925C4B3E8005AEF6F /* Info.plist */ = {isa = PBXFileReference; lastKnownFileType = text.plist.xml; path = Info.plist; sourceTree = "<group>"; };
/* End PBXFileReference section */

/* Begin PBXFrameworksBuildPhase section */
		97FDB25525C4B3E7005AEF6F /* Frameworks */ = {
			isa = PBXFrameworksBuildPhase;
			buildActionMask = 2147483647;
			files = (
			);
			runOnlyForDeploymentPostprocessing = 0;
		};
/* End PBXFrameworksBuildPhase section */

/* Begin PBXGroup section */
		97FDB24F25C4B3E7005AEF6F = {
			isa = PBXGroup;
			children = (
				97FDB25A25C4B3E7005AEF6F /* CCurrency */,
				97FDB25925C4B3E7005AEF6F /* Products */,
			);
			sourceTree = "<group>";
		};
		97FDB25925C4B3E7005AEF6F /* Products */ = {
			isa = PBXGroup;
			children = (
				97FDB25825C4B3E7005AEF6F /* CCurrency.app */,
			);
			name = Products;
			sourceTree = "<group>";
		};
		97FDB25A25C4B3E7005AEF6F /* CCurrency */ = {
			isa = PBXGroup;
			children = (
				97FDB27625C55943005AEF6F /* Storyboard */,
				97FDB27525C558EE005AEF6F /* Common */,
				97FDB27225C5587F005AEF6F /* View */,
				97FDB27325C558DC005AEF6F /* Controller */,
				97FDB27425C558E8005AEF6F /* ViewModel */,
				97FDB27125C55877005AEF6F /* Model */,
				97FDB26425C4B3E8005AEF6F /* Assets.xcassets */,
				97FDB26925C4B3E8005AEF6F /* Info.plist */,
			);
			path = CCurrency;
			sourceTree = "<group>";
		};
		97FDB27125C55877005AEF6F /* Model */ = {
			isa = PBXGroup;
			children = (
			);
			path = Model;
			sourceTree = "<group>";
		};
		97FDB27225C5587F005AEF6F /* View */ = {
			isa = PBXGroup;
			children = (
			);
			path = View;
			sourceTree = "<group>";
		};
		97FDB27325C558DC005AEF6F /* Controller */ = {
			isa = PBXGroup;
			children = (
				97FDB25F25C4B3E7005AEF6F /* ViewController.swift */,
			);
			path = Controller;
			sourceTree = "<group>";
		};
		97FDB27425C558E8005AEF6F /* ViewModel */ = {
			isa = PBXGroup;
			children = (
			);
			path = ViewModel;
			sourceTree = "<group>";
		};
		97FDB27525C558EE005AEF6F /* Common */ = {
			isa = PBXGroup;
			children = (
				97FDB25B25C4B3E7005AEF6F /* AppDelegate.swift */,
				97FDB25D25C4B3E7005AEF6F /* SceneDelegate.swift */,
			);
			path = Common;
			sourceTree = "<group>";
		};
		97FDB27625C55943005AEF6F /* Storyboard */ = {
			isa = PBXGroup;
			children = (
				97FDB26125C4B3E7005AEF6F /* Main.storyboard */,
				97FDB26625C4B3E8005AEF6F /* LaunchScreen.storyboard */,
			);
			path = Storyboard;
			sourceTree = "<group>";
		};
/* End PBXGroup section */

/* Begin PBXNativeTarget section */
		97FDB25725C4B3E7005AEF6F /* CCurrency */ = {
			isa = PBXNativeTarget;
			buildConfigurationList = 97FDB26C25C4B3E8005AEF6F /* Build configuration list for PBXNativeTarget "CCurrency" */;
			buildPhases = (
				97FDB25425C4B3E7005AEF6F /* Sources */,
				97FDB25525C4B3E7005AEF6F /* Frameworks */,
				97FDB25625C4B3E7005AEF6F /* Resources */,
			);
			buildRules = (
			);
			dependencies = (
			);
			name = CCurrency;
			productName = CCurrency;
			productReference = 97FDB25825C4B3E7005AEF6F /* CCurrency.app */;
			productType = "com.apple.product-type.application";
		};
/* End PBXNativeTarget section */

/* Begin PBXProject section */
		97FDB25025C4B3E7005AEF6F /* Project object */ = {
			isa = PBXProject;
			attributes = {
				LastSwiftUpdateCheck = 1240;
				LastUpgradeCheck = 1240;
				TargetAttributes = {
					97FDB25725C4B3E7005AEF6F = {
						CreatedOnToolsVersion = 12.4;
					};
				};
			};
			buildConfigurationList = 97FDB25325C4B3E7005AEF6F /* Build configuration list for PBXProject "CCurrency" */;
			compatibilityVersion = "Xcode 9.3";
			developmentRegion = en;
			hasScannedForEncodings = 0;
			knownRegions = (
				en,
				Base,
			);
			mainGroup = 97FDB24F25C4B3E7005AEF6F;
			productRefGroup = 97FDB25925C4B3E7005AEF6F /* Products */;
			projectDirPath = "";
			projectRoot = "";
			targets = (
				97FDB25725C4B3E7005AEF6F /* CCurrency */,
			);
		};
/* End PBXProject section */

/* Begin PBXResourcesBuildPhase section */
		97FDB25625C4B3E7005AEF6F /* Resources */ = {
			isa = PBXResourcesBuildPhase;
			buildActionMask = 2147483647;
			files = (
				97FDB26825C4B3E8005AEF6F /* LaunchScreen.storyboard in Resources */,
				97FDB26525C4B3E8005AEF6F /* Assets.xcassets in Resources */,
				97FDB26325C4B3E7005AEF6F /* Main.storyboard in Resources */,
			);
			runOnlyForDeploymentPostprocessing = 0;
		};
/* End PBXResourcesBuildPhase section */

/* Begin PBXSourcesBuildPhase section */
		97FDB25425C4B3E7005AEF6F /* Sources */ = {
			isa = PBXSourcesBuildPhase;
			buildActionMask = 2147483647;
			files = (
				97FDB26025C4B3E7005AEF6F /* ViewController.swift in Sources */,
				97FDB25C25C4B3E7005AEF6F /* AppDelegate.swift in Sources */,
				97FDB25E25C4B3E7005AEF6F /* SceneDelegate.swift in Sources */,
			);
			runOnlyForDeploymentPostprocessing = 0;
		};
/* End PBXSourcesBuildPhase section */

/* Begin PBXVariantGroup section */
		97FDB26125C4B3E7005AEF6F /* Main.storyboard */ = {
			isa = PBXVariantGroup;
			children = (
				97FDB26225C4B3E7005AEF6F /* Base */,
			);
			name = Main.storyboard;
			sourceTree = "<group>";
		};
		97FDB26625C4B3E8005AEF6F /* LaunchScreen.storyboard */ = {
			isa = PBXVariantGroup;
			children = (
				97FDB26725C4B3E8005AEF6F /* Base */,
			);
			name = LaunchScreen.storyboard;
			sourceTree = "<group>";
		};
/* End PBXVariantGroup section */

/* Begin XCBuildConfiguration section */
		97FDB26A25C4B3E8005AEF6F /* Debug */ = {
			isa = XCBuildConfiguration;
			buildSettings = {
				ALWAYS_SEARCH_USER_PATHS = NO;
				CLANG_ANALYZER_NONNULL = YES;
				CLANG_ANALYZER_NUMBER_OBJECT_CONVERSION = YES_AGGRESSIVE;
				CLANG_CXX_LANGUAGE_STANDARD = "gnu++14";
				CLANG_CXX_LIBRARY = "libc++";
				CLANG_ENABLE_MODULES = YES;
				CLANG_ENABLE_OBJC_ARC = YES;
				CLANG_ENABLE_OBJC_WEAK = YES;
				CLANG_WARN_BLOCK_CAPTURE_AUTORELEASING = YES;
				CLANG_WARN_BOOL_CONVERSION = YES;
				CLANG_WARN_COMMA = YES;
				CLANG_WARN_CONSTANT_CONVERSION = YES;
				CLANG_WARN_DEPRECATED_OBJC_IMPLEMENTATIONS = YES;
				CLANG_WARN_DIRECT_OBJC_ISA_USAGE = YES_ERROR;
				CLANG_WARN_DOCUMENTATION_COMMENTS = YES;
				CLANG_WARN_EMPTY_BODY = YES;
				CLANG_WARN_ENUM_CONVERSION = YES;
				CLANG_WARN_INFINITE_RECURSION = YES;
				CLANG_WARN_INT_CONVERSION = YES;
				CLANG_WARN_NON_LITERAL_NULL_CONVERSION = YES;
				CLANG_WARN_OBJC_IMPLICIT_RETAIN_SELF = YES;
				CLANG_WARN_OBJC_LITERAL_CONVERSION = YES;
				CLANG_WARN_OBJC_ROOT_CLASS = YES_ERROR;
				CLANG_WARN_QUOTED_INCLUDE_IN_FRAMEWORK_HEADER = YES;
				CLANG_WARN_RANGE_LOOP_ANALYSIS = YES;
				CLANG_WARN_STRICT_PROTOTYPES = YES;
				CLANG_WARN_SUSPICIOUS_MOVE = YES;
				CLANG_WARN_UNGUARDED_AVAILABILITY = YES_AGGRESSIVE;
				CLANG_WARN_UNREACHABLE_CODE = YES;
				CLANG_WARN__DUPLICATE_METHOD_MATCH = YES;
				COPY_PHASE_STRIP = NO;
				DEBUG_INFORMATION_FORMAT = dwarf;
				ENABLE_STRICT_OBJC_MSGSEND = YES;
				ENABLE_TESTABILITY = YES;
				GCC_C_LANGUAGE_STANDARD = gnu11;
				GCC_DYNAMIC_NO_PIC = NO;
				GCC_NO_COMMON_BLOCKS = YES;
				GCC_OPTIMIZATION_LEVEL = 0;
				GCC_PREPROCESSOR_DEFINITIONS = (
					"DEBUG=1",
					"$(inherited)",
				);
				GCC_WARN_64_TO_32_BIT_CONVERSION = YES;
				GCC_WARN_ABOUT_RETURN_TYPE = YES_ERROR;
				GCC_WARN_UNDECLARED_SELECTOR = YES;
				GCC_WARN_UNINITIALIZED_AUTOS = YES_AGGRESSIVE;
				GCC_WARN_UNUSED_FUNCTION = YES;
				GCC_WARN_UNUSED_VARIABLE = YES;
				IPHONEOS_DEPLOYMENT_TARGET = 14.4;
				MTL_ENABLE_DEBUG_INFO = INCLUDE_SOURCE;
				MTL_FAST_MATH = YES;
				ONLY_ACTIVE_ARCH = YES;
				SDKROOT = iphoneos;
				SWIFT_ACTIVE_COMPILATION_CONDITIONS = DEBUG;
				SWIFT_OPTIMIZATION_LEVEL = "-Onone";
			};
			name = Debug;
		};
		97FDB26B25C4B3E8005AEF6F /* Release */ = {
			isa = XCBuildConfiguration;
			buildSettings = {
				ALWAYS_SEARCH_USER_PATHS = NO;
				CLANG_ANALYZER_NONNULL = YES;
				CLANG_ANALYZER_NUMBER_OBJECT_CONVERSION = YES_AGGRESSIVE;
				CLANG_CXX_LANGUAGE_STANDARD = "gnu++14";
				CLANG_CXX_LIBRARY = "libc++";
				CLANG_ENABLE_MODULES = YES;
				CLANG_ENABLE_OBJC_ARC = YES;
				CLANG_ENABLE_OBJC_WEAK = YES;
				CLANG_WARN_BLOCK_CAPTURE_AUTORELEASING = YES;
				CLANG_WARN_BOOL_CONVERSION = YES;
				CLANG_WARN_COMMA = YES;
				CLANG_WARN_CONSTANT_CONVERSION = YES;
				CLANG_WARN_DEPRECATED_OBJC_IMPLEMENTATIONS = YES;
				CLANG_WARN_DIRECT_OBJC_ISA_USAGE = YES_ERROR;
				CLANG_WARN_DOCUMENTATION_COMMENTS = YES;
				CLANG_WARN_EMPTY_BODY = YES;
				CLANG_WARN_ENUM_CONVERSION = YES;
				CLANG_WARN_INFINITE_RECURSION = YES;
				CLANG_WARN_INT_CONVERSION = YES;
				CLANG_WARN_NON_LITERAL_NULL_CONVERSION = YES;
				CLANG_WARN_OBJC_IMPLICIT_RETAIN_SELF = YES;
				CLANG_WARN_OBJC_LITERAL_CONVERSION = YES;
				CLANG_WARN_OBJC_ROOT_CLASS = YES_ERROR;
				CLANG_WARN_QUOTED_INCLUDE_IN_FRAMEWORK_HEADER = YES;
				CLANG_WARN_RANGE_LOOP_ANALYSIS = YES;
				CLANG_WARN_STRICT_PROTOTYPES = YES;
				CLANG_WARN_SUSPICIOUS_MOVE = YES;
				CLANG_WARN_UNGUARDED_AVAILABILITY = YES_AGGRESSIVE;
				CLANG_WARN_UNREACHABLE_CODE = YES;
				CLANG_WARN__DUPLICATE_METHOD_MATCH = YES;
				COPY_PHASE_STRIP = NO;
				DEBUG_INFORMATION_FORMAT = "dwarf-with-dsym";
				ENABLE_NS_ASSERTIONS = NO;
				ENABLE_STRICT_OBJC_MSGSEND = YES;
				GCC_C_LANGUAGE_STANDARD = gnu11;
				GCC_NO_COMMON_BLOCKS = YES;
				GCC_WARN_64_TO_32_BIT_CONVERSION = YES;
				GCC_WARN_ABOUT_RETURN_TYPE = YES_ERROR;
				GCC_WARN_UNDECLARED_SELECTOR = YES;
				GCC_WARN_UNINITIALIZED_AUTOS = YES_AGGRESSIVE;
				GCC_WARN_UNUSED_FUNCTION = YES;
				GCC_WARN_UNUSED_VARIABLE = YES;
				IPHONEOS_DEPLOYMENT_TARGET = 14.4;
				MTL_ENABLE_DEBUG_INFO = NO;
				MTL_FAST_MATH = YES;
				SDKROOT = iphoneos;
				SWIFT_COMPILATION_MODE = wholemodule;
				SWIFT_OPTIMIZATION_LEVEL = "-O";
				VALIDATE_PRODUCT = YES;
			};
			name = Release;
		};
		97FDB26D25C4B3E8005AEF6F /* Debug */ = {
			isa = XCBuildConfiguration;
			buildSettings = {
				ASSETCATALOG_COMPILER_APPICON_NAME = AppIcon;
				ASSETCATALOG_COMPILER_GLOBAL_ACCENT_COLOR_NAME = AccentColor;
				CODE_SIGN_STYLE = Automatic;
				DEVELOPMENT_TEAM = BA3UK3CGCZ;
				INFOPLIST_FILE = CCurrency/Info.plist;
				LD_RUNPATH_SEARCH_PATHS = (
					"$(inherited)",
					"@executable_path/Frameworks",
				);
				PRODUCT_BUNDLE_IDENTIFIER = com.gBaranowski.CCurrency;
				PRODUCT_NAME = "$(TARGET_NAME)";
				SWIFT_VERSION = 5.0;
				TARGETED_DEVICE_FAMILY = "1,2";
			};
			name = Debug;
		};
		97FDB26E25C4B3E8005AEF6F /* Release */ = {
			isa = XCBuildConfiguration;
			buildSettings = {
				ASSETCATALOG_COMPILER_APPICON_NAME = AppIcon;
				ASSETCATALOG_COMPILER_GLOBAL_ACCENT_COLOR_NAME = AccentColor;
				CODE_SIGN_STYLE = Automatic;
				DEVELOPMENT_TEAM = BA3UK3CGCZ;
				INFOPLIST_FILE = CCurrency/Info.plist;
				LD_RUNPATH_SEARCH_PATHS = (
					"$(inherited)",
					"@executable_path/Frameworks",
				);
				PRODUCT_BUNDLE_IDENTIFIER = com.gBaranowski.CCurrency;
				PRODUCT_NAME = "$(TARGET_NAME)";
				SWIFT_VERSION = 5.0;
				TARGETED_DEVICE_FAMILY = "1,2";
			};
			name = Release;
		};
/* End XCBuildConfiguration section */

/* Begin XCConfigurationList section */
		97FDB25325C4B3E7005AEF6F /* Build configuration list for PBXProject "CCurrency" */ = {
			isa = XCConfigurationList;
			buildConfigurations = (
				97FDB26A25C4B3E8005AEF6F /* Debug */,
				97FDB26B25C4B3E8005AEF6F /* Release */,
			);
			defaultConfigurationIsVisible = 0;
			defaultConfigurationName = Release;
		};
		97FDB26C25C4B3E8005AEF6F /* Build configuration list for PBXNativeTarget "CCurrency" */ = {
			isa = XCConfigurationList;
			buildConfigurations = (
				97FDB26D25C4B3E8005AEF6F /* Debug */,
				97FDB26E25C4B3E8005AEF6F /* Release */,
			);
			defaultConfigurationIsVisible = 0;
			defaultConfigurationName = Release;
		};
/* End XCConfigurationList section */
	};
	rootObject = 97FDB25025C4B3E7005AEF6F /* Project object */;
}
